
Microsoft Visual Studio Solution File, Format Version 12.00
# Visual Studio Version 17
VisualStudioVersion = 17.5.33424.131
MinimumVisualStudioVersion = 10.0.40219.1
Project("{FAE04EC0-301F-11D3-BF4B-00C04F79EFBC}") = "PhanQuyenApp", "PhanQuyenApp\PhanQuyenApp.csproj", "{C0E12454-FE92-45D3-AE48-725101C87C0C}"
EndProject
Global
	GlobalSection(SolutionConfigurationPlatforms) = preSolution
		Debug|Any CPU = Debug|Any CPU
		Release|Any CPU = Release|Any CPU
	EndGlobalSection
	GlobalSection(ProjectConfigurationPlatforms) = postSolution
		{C0E12454-FE92-45D3-AE48-725101C87C0C}.Debug|Any CPU.ActiveCfg = Debug|Any CPU
		{C0E12454-FE92-45D3-AE48-725101C87C0C}.Debug|Any CPU.Build.0 = Debug|Any CPU
		{C0E12454-FE92-45D3-AE48-725101C87C0C}.Release|Any CPU.ActiveCfg = Release|Any CPU
		{C0E12454-FE92-45D3-AE48-725101C87C0C}.Release|Any CPU.Build.0 = Release|Any CPU
	EndGlobalSection
	GlobalSection(SolutionProperties) = preSolution
		HideSolutionNode = FALSE
	EndGlobalSection
	GlobalSection(ExtensibilityGlobals) = postSolution
		SolutionGuid = {2906B6EB-5600-44AB-9B91-ADC1DC928577}
	EndGlobalSection
EndGlobal
